
Microsoft Visual Studio Solution File, Format Version 12.00
# Visual Studio 15
VisualStudioVersion = 15.0.27703.2042
MinimumVisualStudioVersion = 10.0.40219.1
Project("{FAE04EC0-301F-11D3-BF4B-00C04F79EFBC}") = "GamesNews", "GamesNews\GamesNews.csproj", "{4CA0B5A9-AF9B-436A-AEB2-D1903C3FC5F2}"
EndProject
Project("{FAE04EC0-301F-11D3-BF4B-00C04F79EFBC}") = "GamesNews.Models", "GamesNews.Models\GamesNews.Models.csproj", "{65D74E4D-59BC-4D5A-9B94-5298CB6CF129}"
EndProject
Global
	GlobalSection(SolutionConfigurationPlatforms) = preSolution
		Debug|Any CPU = Debug|Any CPU
		Release|Any CPU = Release|Any CPU
	EndGlobalSection
	GlobalSection(ProjectConfigurationPlatforms) = postSolution
		{4CA0B5A9-AF9B-436A-AEB2-D1903C3FC5F2}.Debug|Any CPU.ActiveCfg = Debug|Any CPU
		{4CA0B5A9-AF9B-436A-AEB2-D1903C3FC5F2}.Debug|Any CPU.Build.0 = Debug|Any CPU
		{4CA0B5A9-AF9B-436A-AEB2-D1903C3FC5F2}.Release|Any CPU.ActiveCfg = Release|Any CPU
		{4CA0B5A9-AF9B-436A-AEB2-D1903C3FC5F2}.Release|Any CPU.Build.0 = Release|Any CPU
		{65D74E4D-59BC-4D5A-9B94-5298CB6CF129}.Debug|Any CPU.ActiveCfg = Debug|Any CPU
		{65D74E4D-59BC-4D5A-9B94-5298CB6CF129}.Debug|Any CPU.Build.0 = Debug|Any CPU
		{65D74E4D-59BC-4D5A-9B94-5298CB6CF129}.Release|Any CPU.ActiveCfg = Release|Any CPU
		{65D74E4D-59BC-4D5A-9B94-5298CB6CF129}.Release|Any CPU.Build.0 = Release|Any CPU
	EndGlobalSection
	GlobalSection(SolutionProperties) = preSolution
		HideSolutionNode = FALSE
	EndGlobalSection
	GlobalSection(ExtensibilityGlobals) = postSolution
		SolutionGuid = {9E127556-412E-4F27-9E98-F82316512122}
	EndGlobalSection
EndGlobal
